github.com/gabstv/httpdigest v0.0.0-20220417113814-348cbe7a6cdd h1:zS9D5+JhOU+M2Ux4hN0DJA3vYur5Jgs0nN25H5lgwE=
github.com/gabstv/httpdigest v0.0.0-20220417113814-348cbe7a6cdd/go.mod h1:7QclboEoxOJpLGGt0FqVqJFtprXEWUxd/lX5MH6Aevk=
github.com/majestrate/i2p-tools/sam3 v0.0.0-20221117000000-4f6d80b9e5e7 h1:qTvJ1qORh/LtY0HzTfzUwbL/tfJ+9yCMWmKHrDR7bqE=
github.com/majestrate/i2p-tools/sam3 v0.0.0-20221117000000-4f6d80b9e5e7/go.mod h1:1ljOcHw6H/2KYKWPYA/67zfUGddS6bJ4/2pK+mJZR00=
gitlab.com/moneropay/go-monero v1.0.0 h1:cVQKvhnrL6Z1WjzFdAVIOmLcOMuMk6fSgvjV8DfX60k=
gitlab.com/moneropay/go-monero v1.0.0/go.mod h1:u8hN93shJIBIpy+BdxHqFfY86fM2cV5g/mK8MtntX84=
gitlab.com/moneropay/go-monero/walletrpc v1.0.0 h1:j9BRezPSigCzJGcrvK21px/IC5Td0UGrByH4J+KWDoI=
gitlab.com/moneropay/go-monero/walletrpc v1.0.0/go.mod h1:RYWlAZ6teM+I/crbmnrxEnPRTZIOoH4Ty4a/M2SGi9g=
golang.org/x/crypto v0.31.0 h1:ihbySMvVjLAeSH1IbfcRTkD/iNscyz8rGzjF/E5hV6U=
golang.org/x/crypto v0.31.0/go.mod h1:kDsLvtWBEx7MV9tJOj9bnXsPbxwJQ6csT/x4KIN4Ssk=
golang.org/x/sys v0.28.0 h1:qXgxkP+MqNllc2nXgQ/lK/q+fuD9gnTzYUGMbG8b/lQ=
golang.org/x/sys v0.28.0/go.mod h1:/VUhepiaJMQUp4+oa/7Zr1D23ma6VTLIYjOOTFZPUcA=
